
Microsoft Visual Studio Solution File, Format Version 12.00
# Visual Studio Version 16
VisualStudioVersion = 16.0.31129.286
MinimumVisualStudioVersion = 10.0.40219.1
Project("{2150E333-8FDC-42A3-9474-1A3956D46DE8}") = "sln", "sln", "{7D1D14F7-D40D-43EB-8CC0-04B555758178}"
	ProjectSection(SolutionItems) = preProject
		LICENSE = LICENSE
		README.md = README.md
	EndProjectSection
EndProject
Project("{2150E333-8FDC-42A3-9474-1A3956D46DE8}") = "src", "src", "{704915B0-6D95-4CF8-ACC2-5ED939A2913C}"
EndProject
Project("{9A19103F-16F7-4668-BE54-9A1E7A4F7556}") = "Seq.App.OpsGenieHeartbeat", "Seq.App.OpsgenieHeartbeat\Seq.App.OpsGenieHeartbeat.csproj", "{D637EAFF-FA13-45CF-AF32-1ED39EC14A86}"
EndProject
Global
	GlobalSection(SolutionConfigurationPlatforms) = preSolution
		Debug|Any CPU = Debug|Any CPU
		Release|Any CPU = Release|Any CPU
	EndGlobalSection
	GlobalSection(ProjectConfigurationPlatforms) = postSolution
		{D637EAFF-FA13-45CF-AF32-1ED39EC14A86}.Debug|Any CPU.ActiveCfg = Debug|Any CPU
		{D637EAFF-FA13-45CF-AF32-1ED39EC14A86}.Debug|Any CPU.Build.0 = Debug|Any CPU
		{D637EAFF-FA13-45CF-AF32-1ED39EC14A86}.Release|Any CPU.ActiveCfg = Release|Any CPU
		{D637EAFF-FA13-45CF-AF32-1ED39EC14A86}.Release|Any CPU.Build.0 = Release|Any CPU
	EndGlobalSection
	GlobalSection(SolutionProperties) = preSolution
		HideSolutionNode = FALSE
	EndGlobalSection
	GlobalSection(ExtensibilityGlobals) = postSolution
		SolutionGuid = {2DD287FB-EAAA-422B-BA1E-B1C91CCC0100}
	EndGlobalSection
EndGlobal
